// !$*UTF8*$!
{
	archiveVersion = 1;
	classes = {
	};
	objectVersion = 46;
	objects = {

/* Begin PBXBuildFile section */
		45103F671F25EEA0001B24E2 /* Number_Display.hpp in Headers */ = {isa = PBXBuildFile; fileRef = 45103F661F25EEA0001B24E2 /* Number_Display.hpp */; };
		45103F691F25EEA0001B24E2 /* Number_DisplayPriv.hpp in Headers */ = {isa = PBXBuildFile; fileRef = 45103F681F25EEA0001B24E2 /* Number_DisplayPriv.hpp */; };
		45103F6B1F25EEA0001B24E2 /* Number_Display.cpp in Sources */ = {isa = PBXBuildFile; fileRef = 45103F6A1F25EEA0001B24E2 /* Number_Display.cpp */; };
/* End PBXBuildFile section */

/* Begin PBXFileReference section */
		45103F631F25EEA0001B24E2 /* libNumber Display.dylib */ = {isa = PBXFileReference; explicitFileType = "compiled.mach-o.dylib"; includeInIndex = 0; path = "libNumber Display.dylib"; sourceTree = BUILT_PRODUCTS_DIR; };
		45103F661F25EEA0001B24E2 /* Number_Display.hpp */ = {isa = PBXFileReference; lastKnownFileType = sourcecode.cpp.h; path = Number_Display.hpp; sourceTree = "<group>"; };
		45103F681F25EEA0001B24E2 /* Number_DisplayPriv.hpp */ = {isa = PBXFileReference; lastKnownFileType = sourcecode.cpp.h; path = Number_DisplayPriv.hpp; sourceTree = "<group>"; };
		45103F6A1F25EEA0001B24E2 /* Number_Display.cpp */ = {isa = PBXFileReference; lastKnownFileType = sourcecode.cpp.cpp; path = Number_Display.cpp; sourceTree = "<group>"; };
/* End PBXFileReference section */

/* Begin PBXFrameworksBuildPhase section */
		45103F601F25EEA0001B24E2 /* Frameworks */ = {
			isa = PBXFrameworksBuildPhase;
			buildActionMask = 2147483647;
			files = (
			);
			runOnlyForDeploymentPostprocessing = 0;
		};
/* End PBXFrameworksBuildPhase section */

/* Begin PBXGroup section */
		45103F5A1F25EEA0001B24E2 = {
			isa = PBXGroup;
			children = (
				45103F651F25EEA0001B24E2 /* Number Display */,
				45103F641F25EEA0001B24E2 /* Products */,
			);
			sourceTree = "<group>";
		};
		45103F641F25EEA0001B24E2 /* Products */ = {
			isa = PBXGroup;
			children = (
				45103F631F25EEA0001B24E2 /* libNumber Display.dylib */,
			);
			name = Products;
			sourceTree = "<group>";
		};
		45103F651F25EEA0001B24E2 /* Number Display */ = {
			isa = PBXGroup;
			children = (
				45103F661F25EEA0001B24E2 /* Number_Display.hpp */,
				45103F681F25EEA0001B24E2 /* Number_DisplayPriv.hpp */,
				45103F6A1F25EEA0001B24E2 /* Number_Display.cpp */,
			);
			path = "Number Display";
			sourceTree = "<group>";
		};
/* End PBXGroup section */

/* Begin PBXHeadersBuildPhase section */
		45103F611F25EEA0001B24E2 /* Headers */ = {
			isa = PBXHeadersBuildPhase;
			buildActionMask = 2147483647;
			files = (
				45103F671F25EEA0001B24E2 /* Number_Display.hpp in Headers */,
				45103F691F25EEA0001B24E2 /* Number_DisplayPriv.hpp in Headers */,
			);
			runOnlyForDeploymentPostprocessing = 0;
		};
/* End PBXHeadersBuildPhase section */

/* Begin PBXNativeTarget section */
		45103F621F25EEA0001B24E2 /* Number Display */ = {
			isa = PBXNativeTarget;
			buildConfigurationList = 45103F6E1F25EEA0001B24E2 /* Build configuration list for PBXNativeTarget "Number Display" */;
			buildPhases = (
				45103F5F1F25EEA0001B24E2 /* Sources */,
				45103F601F25EEA0001B24E2 /* Frameworks */,
				45103F611F25EEA0001B24E2 /* Headers */,
			);
			buildRules = (
			);
			dependencies = (
			);
			name = "Number Display";
			productName = "Number Display";
			productReference = 45103F631F25EEA0001B24E2 /* libNumber Display.dylib */;
			productType = "com.apple.product-type.library.dynamic";
		};
/* End PBXNativeTarget section */

/* Begin PBXProject section */
		45103F5B1F25EEA0001B24E2 /* Project object */ = {
			isa = PBXProject;
			attributes = {
				LastUpgradeCheck = 0830;
				ORGANIZATIONNAME = "Indi Kernick";
				TargetAttributes = {
					45103F621F25EEA0001B24E2 = {
						CreatedOnToolsVersion = 8.3.2;
						ProvisioningStyle = Automatic;
					};
				};
			};
			buildConfigurationList = 45103F5E1F25EEA0001B24E2 /* Build configuration list for PBXProject "Number Display" */;
			compatibilityVersion = "Xcode 3.2";
			developmentRegion = English;
			hasScannedForEncodings = 0;
			knownRegions = (
				en,
			);
			mainGroup = 45103F5A1F25EEA0001B24E2;
			productRefGroup = 45103F641F25EEA0001B24E2 /* Products */;
			projectDirPath = "";
			projectRoot = "";
			targets = (
				45103F621F25EEA0001B24E2 /* Number Display */,
			);
		};
/* End PBXProject section */

/* Begin PBXSourcesBuildPhase section */
		45103F5F1F25EEA0001B24E2 /* Sources */ = {
			isa = PBXSourcesBuildPhase;
			buildActionMask = 2147483647;
			files = (
				45103F6B1F25EEA0001B24E2 /* Number_Display.cpp in Sources */,
			);
			runOnlyForDeploymentPostprocessing = 0;
		};
/* End PBXSourcesBuildPhase section */

/* Begin XCBuildConfiguration section */
		45103F6C1F25EEA0001B24E2 /* Debug */ = {
			isa = XCBuildConfiguration;
			buildSettings = {
				ALWAYS_SEARCH_USER_PATHS = NO;
				CLANG_ANALYZER_NONNULL = YES;
				CLANG_ANALYZER_NUMBER_OBJECT_CONVERSION = YES_AGGRESSIVE;
				CLANG_CXX_LANGUAGE_STANDARD = "gnu++0x";
				CLANG_CXX_LIBRARY = "libc++";
				CLANG_ENABLE_MODULES = YES;
				CLANG_ENABLE_OBJC_ARC = YES;
				CLANG_WARN_BOOL_CONVERSION = YES;
				CLANG_WARN_CONSTANT_CONVERSION = YES;
				CLANG_WARN_DIRECT_OBJC_ISA_USAGE = YES_ERROR;
				CLANG_WARN_DOCUMENTATION_COMMENTS = YES;
				CLANG_WARN_EMPTY_BODY = YES;
				CLANG_WARN_ENUM_CONVERSION = YES;
				CLANG_WARN_INFINITE_RECURSION = YES;
				CLANG_WARN_INT_CONVERSION = YES;
				CLANG_WARN_OBJC_ROOT_CLASS = YES_ERROR;
				CLANG_WARN_SUSPICIOUS_MOVE = YES;
				CLANG_WARN_UNREACHABLE_CODE = YES;
				CLANG_WARN__DUPLICATE_METHOD_MATCH = YES;
				CODE_SIGN_IDENTITY = "-";
				COPY_PHASE_STRIP = NO;
				DEBUG_INFORMATION_FORMAT = dwarf;
				ENABLE_STRICT_OBJC_MSGSEND = YES;
				ENABLE_TESTABILITY = YES;
				GCC_C_LANGUAGE_STANDARD = gnu99;
				GCC_DYNAMIC_NO_PIC = NO;
				GCC_NO_COMMON_BLOCKS = YES;
				GCC_OPTIMIZATION_LEVEL = 0;
				GCC_PREPROCESSOR_DEFINITIONS = (
					"DEBUG=1",
					"$(inherited)",
				);
				GCC_WARN_64_TO_32_BIT_CONVERSION = YES;
				GCC_WARN_ABOUT_RETURN_TYPE = YES_ERROR;
				GCC_WARN_UNDECLARED_SELECTOR = YES;
				GCC_WARN_UNINITIALIZED_AUTOS = YES_AGGRESSIVE;
				GCC_WARN_UNUSED_FUNCTION = YES;
				GCC_WARN_UNUSED_VARIABLE = YES;
				MACOSX_DEPLOYMENT_TARGET = 10.12;
				MTL_ENABLE_DEBUG_INFO = YES;
				ONLY_ACTIVE_ARCH = YES;
				SDKROOT = macosx;
			};
			name = Debug;
		};
		45103F6D1F25EEA0001B24E2 /* Release */ = {
			isa = XCBuildConfiguration;
			buildSettings = {
				ALWAYS_SEARCH_USER_PATHS = NO;
				CLANG_ANALYZER_NONNULL = YES;
				CLANG_ANALYZER_NUMBER_OBJECT_CONVERSION = YES_AGGRESSIVE;
				CLANG_CXX_LANGUAGE_STANDARD = "gnu++0x";
				CLANG_CXX_LIBRARY = "libc++";
				CLANG_ENABLE_MODULES = YES;
				CLANG_ENABLE_OBJC_ARC = YES;
				CLANG_WARN_BOOL_CONVERSION = YES;
				CLANG_WARN_CONSTANT_CONVERSION = YES;
				CLANG_WARN_DIRECT_OBJC_ISA_USAGE = YES_ERROR;
				CLANG_WARN_DOCUMENTATION_COMMENTS = YES;
				CLANG_WARN_EMPTY_BODY = YES;
				CLANG_WARN_ENUM_CONVERSION = YES;
				CLANG_WARN_INFINITE_RECURSION = YES;
				CLANG_WARN_INT_CONVERSION = YES;
				CLANG_WARN_OBJC_ROOT_CLASS = YES_ERROR;
				CLANG_WARN_SUSPICIOUS_MOVE = YES;
				CLANG_WARN_UNREACHABLE_CODE = YES;
				CLANG_WARN__DUPLICATE_METHOD_MATCH = YES;
				CODE_SIGN_IDENTITY = "-";
				COPY_PHASE_STRIP = NO;
				DEBUG_INFORMATION_FORMAT = "dwarf-with-dsym";
				ENABLE_NS_ASSERTIONS = NO;
				ENABLE_STRICT_OBJC_MSGSEND = YES;
				GCC_C_LANGUAGE_STANDARD = gnu99;
				GCC_NO_COMMON_BLOCKS = YES;
				GCC_WARN_64_TO_32_BIT_CONVERSION = YES;
				GCC_WARN_ABOUT_RETURN_TYPE = YES_ERROR;
				GCC_WARN_UNDECLARED_SELECTOR = YES;
				GCC_WARN_UNINITIALIZED_AUTOS = YES_AGGRESSIVE;
				GCC_WARN_UNUSED_FUNCTION = YES;
				GCC_WARN_UNUSED_VARIABLE = YES;
				MACOSX_DEPLOYMENT_TARGET = 10.12;
				MTL_ENABLE_DEBUG_INFO = NO;
				SDKROOT = macosx;
			};
			name = Release;
		};
		45103F6F1F25EEA0001B24E2 /* Debug */ = {
			isa = XCBuildConfiguration;
			buildSettings = {
				DYLIB_COMPATIBILITY_VERSION = 1;
				DYLIB_CURRENT_VERSION = 1;
				EXECUTABLE_PREFIX = lib;
				GCC_ENABLE_CPP_EXCEPTIONS = YES;
				GCC_ENABLE_CPP_RTTI = YES;
				GCC_SYMBOLS_PRIVATE_EXTERN = YES;
				PRODUCT_NAME = "$(TARGET_NAME)";
			};
			name = Debug;
		};
		45103F701F25EEA0001B24E2 /* Release */ = {
			isa = XCBuildConfiguration;
			buildSettings = {
				DYLIB_COMPATIBILITY_VERSION = 1;
				DYLIB_CURRENT_VERSION = 1;
				EXECUTABLE_PREFIX = lib;
				GCC_ENABLE_CPP_EXCEPTIONS = YES;
				GCC_ENABLE_CPP_RTTI = YES;
				GCC_SYMBOLS_PRIVATE_EXTERN = YES;
				PRODUCT_NAME = "$(TARGET_NAME)";
			};
			name = Release;
		};
/* End XCBuildConfiguration section */

/* Begin XCConfigurationList section */
		45103F5E1F25EEA0001B24E2 /* Build configuration list for PBXProject "Number Display" */ = {
			isa = XCConfigurationList;
			buildConfigurations = (
				45103F6C1F25EEA0001B24E2 /* Debug */,
				45103F6D1F25EEA0001B24E2 /* Release */,
			);
			defaultConfigurationIsVisible = 0;
			defaultConfigurationName = Release;
		};
		45103F6E1F25EEA0001B24E2 /* Build configuration list for PBXNativeTarget "Number Display" */ = {
			isa = XCConfigurationList;
			buildConfigurations = (
				45103F6F1F25EEA0001B24E2 /* Debug */,
				45103F701F25EEA0001B24E2 /* Release */,
			);
			defaultConfigurationIsVisible = 0;
		};
/* End XCConfigurationList section */
	};
	rootObject = 45103F5B1F25EEA0001B24E2 /* Project object */;
}
